
Microsoft Visual Studio Solution File, Format Version 12.00
Project("{FAE04EC0-301F-11D3-BF4B-00C04F79EFBC}") = "JSL", "JSL\JSL.csproj", "{AA9E0517-4C4C-4893-9088-A4DBC747B143}"
EndProject
Project("{FAE04EC0-301F-11D3-BF4B-00C04F79EFBC}") = "JSLTest", "JSLTest\JSLTest.csproj", "{88540099-8A35-444B-AB86-BCD0BAAA6E2C}"
EndProject
Project("{FAE04EC0-301F-11D3-BF4B-00C04F79EFBC}") = "JSL.CodeGen", "JSL.CodeGen\JSL.CodeGen.csproj", "{09C88A6F-A72E-4B97-891B-58C6ED31CB9B}"
EndProject
Project("{FAE04EC0-301F-11D3-BF4B-00C04F79EFBC}") = "JSL.CodeGenTest", "JSL.CodeGenTest\JSL.CodeGenTest.csproj", "{816255E4-DA02-43AB-BC80-6B304D7A7259}"
EndProject
Global
	GlobalSection(SolutionConfigurationPlatforms) = preSolution
		Debug|Any CPU = Debug|Any CPU
		Release|Any CPU = Release|Any CPU
	EndGlobalSection
	GlobalSection(ProjectConfigurationPlatforms) = postSolution
		{AA9E0517-4C4C-4893-9088-A4DBC747B143}.Debug|Any CPU.ActiveCfg = Debug|Any CPU
		{AA9E0517-4C4C-4893-9088-A4DBC747B143}.Debug|Any CPU.Build.0 = Debug|Any CPU
		{AA9E0517-4C4C-4893-9088-A4DBC747B143}.Release|Any CPU.ActiveCfg = Release|Any CPU
		{AA9E0517-4C4C-4893-9088-A4DBC747B143}.Release|Any CPU.Build.0 = Release|Any CPU
		{88540099-8A35-444B-AB86-BCD0BAAA6E2C}.Debug|Any CPU.ActiveCfg = Debug|Any CPU
		{88540099-8A35-444B-AB86-BCD0BAAA6E2C}.Debug|Any CPU.Build.0 = Debug|Any CPU
		{88540099-8A35-444B-AB86-BCD0BAAA6E2C}.Release|Any CPU.ActiveCfg = Release|Any CPU
		{88540099-8A35-444B-AB86-BCD0BAAA6E2C}.Release|Any CPU.Build.0 = Release|Any CPU
		{09C88A6F-A72E-4B97-891B-58C6ED31CB9B}.Debug|Any CPU.ActiveCfg = Debug|Any CPU
		{09C88A6F-A72E-4B97-891B-58C6ED31CB9B}.Debug|Any CPU.Build.0 = Debug|Any CPU
		{09C88A6F-A72E-4B97-891B-58C6ED31CB9B}.Release|Any CPU.ActiveCfg = Release|Any CPU
		{09C88A6F-A72E-4B97-891B-58C6ED31CB9B}.Release|Any CPU.Build.0 = Release|Any CPU
		{816255E4-DA02-43AB-BC80-6B304D7A7259}.Debug|Any CPU.ActiveCfg = Debug|Any CPU
		{816255E4-DA02-43AB-BC80-6B304D7A7259}.Debug|Any CPU.Build.0 = Debug|Any CPU
		{816255E4-DA02-43AB-BC80-6B304D7A7259}.Release|Any CPU.ActiveCfg = Release|Any CPU
		{816255E4-DA02-43AB-BC80-6B304D7A7259}.Release|Any CPU.Build.0 = Release|Any CPU
	EndGlobalSection
EndGlobal
